
Microsoft Visual Studio Solution File, Format Version 12.00
# Visual Studio Version 17
VisualStudioVersion = 17.4.33103.184
MinimumVisualStudioVersion = 10.0.40219.1
Project("{FAE04EC0-301F-11D3-BF4B-00C04F79EFBC}") = "Result181", "Result181\Result181.csproj", "{2E87F1C1-0970-4E69-9D9C-4A1B9D53C470}"
EndProject
Global
	GlobalSection(SolutionConfigurationPlatforms) = preSolution
		Debug|Any CPU = Debug|Any CPU
		Release|Any CPU = Release|Any CPU
	EndGlobalSection
	GlobalSection(ProjectConfigurationPlatforms) = postSolution
		{2E87F1C1-0970-4E69-9D9C-4A1B9D53C470}.Debug|Any CPU.ActiveCfg = Debug|Any CPU
		{2E87F1C1-0970-4E69-9D9C-4A1B9D53C470}.Debug|Any CPU.Build.0 = Debug|Any CPU
		{2E87F1C1-0970-4E69-9D9C-4A1B9D53C470}.Release|Any CPU.ActiveCfg = Release|Any CPU
		{2E87F1C1-0970-4E69-9D9C-4A1B9D53C470}.Release|Any CPU.Build.0 = Release|Any CPU
	EndGlobalSection
	GlobalSection(SolutionProperties) = preSolution
		HideSolutionNode = FALSE
	EndGlobalSection
	GlobalSection(ExtensibilityGlobals) = postSolution
		SolutionGuid = {0B7D9AE5-D3CC-4F3E-BC45-0BFC7E06209A}
	EndGlobalSection
EndGlobal
